
Microsoft Visual Studio Solution File, Format Version 12.00
# Visual Studio Version 16
VisualStudioVersion = 16.0.30907.101
MinimumVisualStudioVersion = 10.0.40219.1
Project("{FAE04EC0-301F-11D3-BF4B-00C04F79EFBC}") = "Blog.Core.Web.Host", "Blog.Core\Blog.Core.Web.Host.csproj", "{B63CF9DA-051D-44EC-950C-FF96246BBC54}"
EndProject
Project("{FAE04EC0-301F-11D3-BF4B-00C04F79EFBC}") = "Blog.Core.Model", "Blog.Core.Model\Blog.Core.Model.csproj", "{17EDB63F-EF56-459D-BDF3-A2F55EAEDE8D}"
EndProject
Global
	GlobalSection(SolutionConfigurationPlatforms) = preSolution
		Debug|Any CPU = Debug|Any CPU
		Release|Any CPU = Release|Any CPU
	EndGlobalSection
	GlobalSection(ProjectConfigurationPlatforms) = postSolution
		{B63CF9DA-051D-44EC-950C-FF96246BBC54}.Debug|Any CPU.ActiveCfg = Debug|Any CPU
		{B63CF9DA-051D-44EC-950C-FF96246BBC54}.Debug|Any CPU.Build.0 = Debug|Any CPU
		{B63CF9DA-051D-44EC-950C-FF96246BBC54}.Release|Any CPU.ActiveCfg = Release|Any CPU
		{B63CF9DA-051D-44EC-950C-FF96246BBC54}.Release|Any CPU.Build.0 = Release|Any CPU
		{17EDB63F-EF56-459D-BDF3-A2F55EAEDE8D}.Debug|Any CPU.ActiveCfg = Debug|Any CPU
		{17EDB63F-EF56-459D-BDF3-A2F55EAEDE8D}.Debug|Any CPU.Build.0 = Debug|Any CPU
		{17EDB63F-EF56-459D-BDF3-A2F55EAEDE8D}.Release|Any CPU.ActiveCfg = Release|Any CPU
		{17EDB63F-EF56-459D-BDF3-A2F55EAEDE8D}.Release|Any CPU.Build.0 = Release|Any CPU
	EndGlobalSection
	GlobalSection(SolutionProperties) = preSolution
		HideSolutionNode = FALSE
	EndGlobalSection
	GlobalSection(ExtensibilityGlobals) = postSolution
		SolutionGuid = {1D87BCD9-DD11-4385-82C2-16C358BB147D}
	EndGlobalSection
EndGlobal
